
Microsoft Visual Studio Solution File, Format Version 12.00
# Visual Studio 2013
VisualStudioVersion = 12.0.40418.0
MinimumVisualStudioVersion = 10.0.40219.1
Project("{FAE04EC0-301F-11D3-BF4B-00C04F79EFBC}") = "TeamBook", "TeamBook\TeamBook.csproj", "{B9034A45-1257-47A4-9825-B57F136512CD}"
EndProject
Project("{FAE04EC0-301F-11D3-BF4B-00C04F79EFBC}") = "TeamBook.DAL", "TeamBook.DAL\TeamBook.DAL.csproj", "{26F876E2-6952-4989-BA21-DD70F65BE84D}"
EndProject
Project("{FAE04EC0-301F-11D3-BF4B-00C04F79EFBC}") = "TeamBook.BAL", "TeamBook.BAL\TeamBook.BAL.csproj", "{7903BF59-56F9-449C-A6CB-1D0F29390764}"
EndProject
Project("{FAE04EC0-301F-11D3-BF4B-00C04F79EFBC}") = "TeamBook.BO", "TeamBook.BO\TeamBook.BO.csproj", "{BC8AA8AF-ED6D-424D-AF08-1A5B7ADB07C5}"
EndProject
Global
	GlobalSection(SolutionConfigurationPlatforms) = preSolution
		Debug|Any CPU = Debug|Any CPU
		Release|Any CPU = Release|Any CPU
	EndGlobalSection
	GlobalSection(ProjectConfigurationPlatforms) = postSolution
		{B9034A45-1257-47A4-9825-B57F136512CD}.Debug|Any CPU.ActiveCfg = Debug|Any CPU
		{B9034A45-1257-47A4-9825-B57F136512CD}.Debug|Any CPU.Build.0 = Debug|Any CPU
		{B9034A45-1257-47A4-9825-B57F136512CD}.Release|Any CPU.ActiveCfg = Release|Any CPU
		{B9034A45-1257-47A4-9825-B57F136512CD}.Release|Any CPU.Build.0 = Release|Any CPU
		{26F876E2-6952-4989-BA21-DD70F65BE84D}.Debug|Any CPU.ActiveCfg = Debug|Any CPU
		{26F876E2-6952-4989-BA21-DD70F65BE84D}.Debug|Any CPU.Build.0 = Debug|Any CPU
		{26F876E2-6952-4989-BA21-DD70F65BE84D}.Release|Any CPU.ActiveCfg = Release|Any CPU
		{26F876E2-6952-4989-BA21-DD70F65BE84D}.Release|Any CPU.Build.0 = Release|Any CPU
		{7903BF59-56F9-449C-A6CB-1D0F29390764}.Debug|Any CPU.ActiveCfg = Debug|Any CPU
		{7903BF59-56F9-449C-A6CB-1D0F29390764}.Debug|Any CPU.Build.0 = Debug|Any CPU
		{7903BF59-56F9-449C-A6CB-1D0F29390764}.Release|Any CPU.ActiveCfg = Release|Any CPU
		{7903BF59-56F9-449C-A6CB-1D0F29390764}.Release|Any CPU.Build.0 = Release|Any CPU
		{BC8AA8AF-ED6D-424D-AF08-1A5B7ADB07C5}.Debug|Any CPU.ActiveCfg = Debug|Any CPU
		{BC8AA8AF-ED6D-424D-AF08-1A5B7ADB07C5}.Debug|Any CPU.Build.0 = Debug|Any CPU
		{BC8AA8AF-ED6D-424D-AF08-1A5B7ADB07C5}.Release|Any CPU.ActiveCfg = Release|Any CPU
		{BC8AA8AF-ED6D-424D-AF08-1A5B7ADB07C5}.Release|Any CPU.Build.0 = Release|Any CPU
	EndGlobalSection
	GlobalSection(SolutionProperties) = preSolution
		HideSolutionNode = FALSE
	EndGlobalSection
EndGlobal
